
Microsoft Visual Studio Solution File, Format Version 12.00
# Visual Studio Version 17
VisualStudioVersion = 17.2.32616.157
MinimumVisualStudioVersion = 10.0.40219.1
Project("{FAE04EC0-301F-11D3-BF4B-00C04F79EFBC}") = "Task_25_7_1", "Task_25_7_1.csproj", "{785D72DA-4EB2-4243-9C3C-0DFA1690B6E9}"
EndProject
Global
	GlobalSection(SolutionConfigurationPlatforms) = preSolution
		Debug|Any CPU = Debug|Any CPU
		Release|Any CPU = Release|Any CPU
	EndGlobalSection
	GlobalSection(ProjectConfigurationPlatforms) = postSolution
		{785D72DA-4EB2-4243-9C3C-0DFA1690B6E9}.Debug|Any CPU.ActiveCfg = Debug|Any CPU
		{785D72DA-4EB2-4243-9C3C-0DFA1690B6E9}.Debug|Any CPU.Build.0 = Debug|Any CPU
		{785D72DA-4EB2-4243-9C3C-0DFA1690B6E9}.Release|Any CPU.ActiveCfg = Release|Any CPU
		{785D72DA-4EB2-4243-9C3C-0DFA1690B6E9}.Release|Any CPU.Build.0 = Release|Any CPU
	EndGlobalSection
	GlobalSection(SolutionProperties) = preSolution
		HideSolutionNode = FALSE
	EndGlobalSection
	GlobalSection(ExtensibilityGlobals) = postSolution
		SolutionGuid = {2F94416D-510D-44E5-BD5F-C97CA2B9FFA0}
	EndGlobalSection
EndGlobal
